{
  "name": "learn-llm-1",
  "version": "1.0.0",
  "lockfileVersion": 3,
  "requires": true,
  "packages": {
    "": {
      "name": "learn-llm-1",
      "version": "1.0.0",
      "license": "ISC",
      "dependencies": {
        "@huggingface/inference": "^4.13.14",
        "dotenv": "^17.3.1"
      }
    },
    "node_modules/@huggingface/inference": {
      "version": "4.13.14",
      "resolved": "https://registry.npmjs.org/@huggingface/inference/-/inference-4.13.14.tgz",
      "integrity": "sha512-1HgrmRig7zixBEfR50KBnKddko36q7kU9WxAIksMHgm4BV7HQ0y8sqfixgMUXvVrPmaaX8HaBrZ0Wsi2ulWeog==",
      "license": "MIT",
      "dependencies": {
        "@huggingface/jinja": "^0.5.5",
        "@huggingface/tasks": "^0.19.88"
      },
      "engines": {
        "node": ">=18"
      }
    },
    "node_modules/@huggingface/jinja": {
      "version": "0.5.5",
      "resolved": "https://registry.npmjs.org/@huggingface/jinja/-/jinja-0.5.5.tgz",
      "integrity": "sha512-xRlzazC+QZwr6z4ixEqYHo9fgwhTZ3xNSdljlKfUFGZSdlvt166DljRELFUfFytlYOYvo3vTisA/AFOuOAzFQQ==",
      "license": "MIT",
      "engines": {
        "node": ">=18"
      }
    },
    "node_modules/@huggingface/tasks": {
      "version": "0.19.88",
      "resolved": "https://registry.npmjs.org/@huggingface/tasks/-/tasks-0.19.88.tgz",
      "integrity": "sha512-9dMxcn9Bc7xAYtG3ZHxTrD1J9KskxR7oI3vQq+8PIm9z1NizoIIM5oOTbpxp845Lk8IXccQW2FuXyAKwgKPa7A==",
      "license": "MIT"
    },
    "node_modules/dotenv": {
      "version": "17.3.1",
      "resolved": "https://registry.npmjs.org/dotenv/-/dotenv-17.3.1.tgz",
      "integrity": "sha512-IO8C/dzEb6O3F9/twg6ZLXz164a2fhTnEWb95H23Dm4OuN+92NmEAlTrupP9VW6Jm3sO26tQlqyvyi4CsnY9GA==",
      "license": "BSD-2-Clause",
      "engines": {
        "node": ">=12"
      },
      "funding": {
        "url": "https://dotenvx.com"
      }
    }
  }
}
